# This file is automatically @generated by Cargo.
# It is not intended for manual editing.
version = 3

[[package]]
name = "add"
version = "0.1.0"
dependencies = [
 "wasmi",
]

[[package]]
name = "autocfg"
version = "1.1.0"
source = "registry+https://github.com/rust-lang/crates.io-index"
checksum = "d468802bab17cbc0cc575e9b053f41e72aa36bfa6b7f55e3529ffa43161b97fa"

[[package]]
name = "downcast-rs"
version = "1.2.0"
source = "registry+https://github.com/rust-lang/crates.io-index"
checksum = "9ea835d29036a4087793836fa931b08837ad5e957da9e23886b29586fb9b6650"

[[package]]
name = "indexmap-nostd"
version = "0.4.0"
source = "registry+https://github.com/rust-lang/crates.io-index"
checksum = "8e04e2fd2b8188ea827b32ef11de88377086d690286ab35747ef7f9bf3ccb590"

[[package]]
name = "libm"
version = "0.2.6"
source = "registry+https://github.com/rust-lang/crates.io-index"
checksum = "348108ab3fba42ec82ff6e9564fc4ca0247bdccdc68dd8af9764bbc79c3c8ffb"

[[package]]
name = "num-traits"
version = "0.2.15"
source = "registry+https://github.com/rust-lang/crates.io-index"
checksum = "578ede34cf02f8924ab9447f50c28075b4d3e5b269972345e7e0372b38c6cdcd"
dependencies = [
 "autocfg",
]

[[package]]
name = "spin"
version = "0.9.4"
source = "registry+https://github.com/rust-lang/crates.io-index"
checksum = "7f6002a767bff9e83f8eeecf883ecb8011875a21ae8da43bffb817a57e78cc09"

[[package]]
name = "wasmi"
version = "0.20.0"
source = "registry+https://github.com/rust-lang/crates.io-index"
checksum = "01bf50edb2ea9d922aa75a7bf3c15e26a6c9e2d18c56e862b49737a582901729"
dependencies = [
 "spin",
 "wasmi_arena",
 "wasmi_core",
 "wasmparser-nostd",
]

[[package]]
name = "wasmi_arena"
version = "0.1.0"
source = "registry+https://github.com/rust-lang/crates.io-index"
checksum = "a1ea379cbb0b41f3a9f0bf7b47036d036aae7f43383d8cc487d4deccf40dee0a"

[[package]]
name = "wasmi_core"
version = "0.5.0"
source = "registry+https://github.com/rust-lang/crates.io-index"
checksum = "c5bf998ab792be85e20e771fe14182b4295571ad1d4f89d3da521c1bef5f597a"
dependencies = [
 "downcast-rs",
 "libm",
 "num-traits",
]

[[package]]
name = "wasmparser-nostd"
version = "0.91.0"
source = "registry+https://github.com/rust-lang/crates.io-index"
checksum = "9c37f310b5a62bfd5ae7c0f1d8e6f98af16a5d6d84ba764e9c36439ec14e318b"
dependencies = [
 "indexmap-nostd",
]
